<?xml version="1.0" encoding="utf-8"?>
<Project ToolsVersion="4.0" xmlns="http://schemas.microsoft.com/developer/msbuild/2003">
  <ItemGroup>
    <Filter Include="Source Files">
      <UniqueIdentifier>{4FC737F1-C7A5-4376-A066-2A32D752A2FF}</UniqueIdentifier>
      <Extensions>cpp;c;cc;cxx;def;odl;idl;hpj;bat;asm;asmx</Extensions>
    </Filter>
    <Filter Include="Header Files">
      <UniqueIdentifier>{93995380-89BD-4b04-88EB-625FBE52EBFB}</UniqueIdentifier>
      <Extensions>h;hh;hpp;hxx;hm;inl;inc;xsd</Extensions>
    </Filter>
    <Filter Include="Resource Files">
      <UniqueIdentifier>{D9D6E242-F8AF-46E4-B9FD-80ECBC20BA3E}</UniqueIdentifier>
      <Extensions>qrc;*</Extensions>
      <ParseFiles>false</ParseFiles>
    </Filter>
    <Filter Include="Form Files">
      <UniqueIdentifier>{99349809-55BA-4b9d-BF79-8FDBB0286EB3}</UniqueIdentifier>
      <Extensions>ui</Extensions>
    </Filter>
    <Filter Include="Resource Files">
      <UniqueIdentifier>{D9D6E242-F8AF-46E4-B9FD-80ECBC20BA3E}</UniqueIdentifier>
      <Extensions>qrc;*</Extensions>
      <ParseFiles>false</ParseFiles>
    </Filter>
    <Filter Include="Generated Files">
      <UniqueIdentifier>{71ED8ED8-ACB9-4CE9-BBE1-E00B30144E11}</UniqueIdentifier>
      <Extensions>moc;h;cpp</Extensions>
      <SourceControlFiles>False</SourceControlFiles>
    </Filter>
    <Filter Include="Generated Files\Debug">
      <UniqueIdentifier>{9c960eae-1461-4381-be38-081800a37aa5}</UniqueIdentifier>
      <Extensions>cpp;moc</Extensions>
      <SourceControlFiles>False</SourceControlFiles>
    </Filter>
    <Filter Include="Generated Files\Release">
      <UniqueIdentifier>{bf3e137e-85b0-4441-8f5d-ab8d9b55c11f}</UniqueIdentifier>
      <Extensions>cpp;moc</Extensions>
      <SourceControlFiles>False</SourceControlFiles>
    </Filter>
    <Filter Include="aip-cpp-sdk-0.3.3">
      <UniqueIdentifier>{15e8fc09-8de4-40e0-8130-83da86ef0989}</UniqueIdentifier>
    </Filter>
    <Filter Include="aip-cpp-sdk-0.3.3\base">
      <UniqueIdentifier>{ffdf7f3c-ee0b-40d3-b282-5e48671090b5}</UniqueIdentifier>
    </Filter>
  </ItemGroup>
  <ItemGroup>
    <ClCompile Include="main.cpp">
      <Filter>Source Files</Filter>
    </ClCompile>
    <ClCompile Include="VoiceRecognitionApplication.cpp">
      <Filter>Source Files</Filter>
    </ClCompile>
    <ClCompile Include="GeneratedFiles\Debug\moc_VoiceRecognitionApplication.cpp">
      <Filter>Generated Files\Debug</Filter>
    </ClCompile>
    <ClCompile Include="GeneratedFiles\Release\moc_VoiceRecognitionApplication.cpp">
      <Filter>Generated Files\Release</Filter>
    </ClCompile>
    <ClCompile Include="GeneratedFiles\qrc_VoiceRecognitionApplication.cpp">
      <Filter>Generated Files</Filter>
    </ClCompile>
  </ItemGroup>
  <ItemGroup>
    <CustomBuild Include="VoiceRecognitionApplication.h">
      <Filter>Header Files</Filter>
    </CustomBuild>
    <CustomBuild Include="VoiceRecognitionApplication.ui">
      <Filter>Form Files</Filter>
    </CustomBuild>
    <CustomBuild Include="VoiceRecognitionApplication.qrc">
      <Filter>Resource Files</Filter>
    </CustomBuild>
  </ItemGroup>
  <ItemGroup>
    <ClInclude Include="GeneratedFiles\ui_VoiceRecognitionApplication.h">
      <Filter>Generated Files</Filter>
    </ClInclude>
    <ClInclude Include="aip-cpp-sdk-0.3.3\face.h">
      <Filter>aip-cpp-sdk-0.3.3</Filter>
    </ClInclude>
    <ClInclude Include="aip-cpp-sdk-0.3.3\image_censor.h">
      <Filter>aip-cpp-sdk-0.3.3</Filter>
    </ClInclude>
    <ClInclude Include="aip-cpp-sdk-0.3.3\image_classify.h">
      <Filter>aip-cpp-sdk-0.3.3</Filter>
    </ClInclude>
    <ClInclude Include="aip-cpp-sdk-0.3.3\image_search.h">
      <Filter>aip-cpp-sdk-0.3.3</Filter>
    </ClInclude>
    <ClInclude Include="aip-cpp-sdk-0.3.3\kg.h">
      <Filter>aip-cpp-sdk-0.3.3</Filter>
    </ClInclude>
    <ClInclude Include="aip-cpp-sdk-0.3.3\nlp.h">
      <Filter>aip-cpp-sdk-0.3.3</Filter>
    </ClInclude>
    <ClInclude Include="aip-cpp-sdk-0.3.3\ocr.h">
      <Filter>aip-cpp-sdk-0.3.3</Filter>
    </ClInclude>
    <ClInclude Include="aip-cpp-sdk-0.3.3\speech.h">
      <Filter>aip-cpp-sdk-0.3.3</Filter>
    </ClInclude>
    <ClInclude Include="aip-cpp-sdk-0.3.3\base\base.h">
      <Filter>aip-cpp-sdk-0.3.3\base</Filter>
    </ClInclude>
    <ClInclude Include="aip-cpp-sdk-0.3.3\base\base64.h">
      <Filter>aip-cpp-sdk-0.3.3\base</Filter>
    </ClInclude>
    <ClInclude Include="aip-cpp-sdk-0.3.3\base\http.h">
      <Filter>aip-cpp-sdk-0.3.3\base</Filter>
    </ClInclude>
    <ClInclude Include="aip-cpp-sdk-0.3.3\base\utils.h">
      <Filter>aip-cpp-sdk-0.3.3\base</Filter>
    </ClInclude>
  </ItemGroup>
  <ItemGroup>
    <None Include="aip-cpp-sdk-0.3.3\README.md">
      <Filter>aip-cpp-sdk-0.3.3</Filter>
    </None>
  </ItemGroup>
</Project>